// !$*UTF8*$!
{
	archiveVersion = 1;
	classes = {
	};
	objectVersion = 45;
	objects = {

/* Begin PBXBuildFile section */
		CE31629C136C34D900188E56 /* NSArray+Collections.h in Headers */ = {isa = PBXBuildFile; fileRef = CE31627B136C342D00188E56 /* NSArray+Collections.h */; };
		CE31629D136C34DF00188E56 /* NSArray+CollectionsTest.mm in Sources */ = {isa = PBXBuildFile; fileRef = CE316279136C342D00188E56 /* NSArray+CollectionsTest.mm */; };
		CE31629E136C34DF00188E56 /* NSArray+Collections.m in Sources */ = {isa = PBXBuildFile; fileRef = CE31627C136C342D00188E56 /* NSArray+Collections.m */; };
		CE5222331369B360003D9A26 /* Foundation.framework in Frameworks */ = {isa = PBXBuildFile; fileRef = AACBBE490F95108600F1A2B1 /* Foundation.framework */; };
		CE819E451369C1CE00AEAFA8 /* OCHamcrest.framework in Frameworks */ = {isa = PBXBuildFile; fileRef = CE819E441369C1CE00AEAFA8 /* OCHamcrest.framework */; };
		CE819EE61369C42400AEAFA8 /* OCHamcrest.framework in CopyFiles */ = {isa = PBXBuildFile; fileRef = CE819E441369C1CE00AEAFA8 /* OCHamcrest.framework */; };
		CEEFE029137626B600CFD6C9 /* Foundation.framework in Frameworks */ = {isa = PBXBuildFile; fileRef = AACBBE490F95108600F1A2B1 /* Foundation.framework */; };
		CEEFE02B137627C800CFD6C9 /* NSArray+Collections.h in Headers */ = {isa = PBXBuildFile; fileRef = CE31627B136C342D00188E56 /* NSArray+Collections.h */; };
		CEEFE02C137627CD00CFD6C9 /* NSArray+Collections.m in Sources */ = {isa = PBXBuildFile; fileRef = CE31627C136C342D00188E56 /* NSArray+Collections.m */; };
		CEFF945E1380F0BB0094B3E1 /* NSDictionary+CollectionsTest.mm in Sources */ = {isa = PBXBuildFile; fileRef = CEFF945C1380F0BB0094B3E1 /* NSDictionary+CollectionsTest.mm */; };
		CEFF94611380F22B0094B3E1 /* NSDictionary+Collections.h in Headers */ = {isa = PBXBuildFile; fileRef = CEFF945F1380F22B0094B3E1 /* NSDictionary+Collections.h */; };
		CEFF94621380F22B0094B3E1 /* NSDictionary+Collections.m in Sources */ = {isa = PBXBuildFile; fileRef = CEFF94601380F22B0094B3E1 /* NSDictionary+Collections.m */; };
/* End PBXBuildFile section */

/* Begin PBXCopyFilesBuildPhase section */
		CE819E921369C3F000AEAFA8 /* CopyFiles */ = {
			isa = PBXCopyFilesBuildPhase;
			buildActionMask = 2147483647;
			dstPath = "";
			dstSubfolderSpec = 16;
			files = (
				CE819EE61369C42400AEAFA8 /* OCHamcrest.framework in CopyFiles */,
			);
			runOnlyForDeploymentPostprocessing = 0;
		};
/* End PBXCopyFilesBuildPhase section */

/* Begin PBXFileReference section */
		AA747D9E0F9514B9006C5449 /* Collections_Prefix.pch */ = {isa = PBXFileReference; fileEncoding = 4; lastKnownFileType = sourcecode.c.h; path = Collections_Prefix.pch; sourceTree = "<group>"; };
		AACBBE490F95108600F1A2B1 /* Foundation.framework */ = {isa = PBXFileReference; lastKnownFileType = wrapper.framework; name = Foundation.framework; path = System/Library/Frameworks/Foundation.framework; sourceTree = SDKROOT; };
		CE316279136C342D00188E56 /* NSArray+CollectionsTest.mm */ = {isa = PBXFileReference; fileEncoding = 4; lastKnownFileType = sourcecode.cpp.objcpp; path = "NSArray+CollectionsTest.mm"; sourceTree = "<group>"; };
		CE31627B136C342D00188E56 /* NSArray+Collections.h */ = {isa = PBXFileReference; fileEncoding = 4; lastKnownFileType = sourcecode.c.h; path = "NSArray+Collections.h"; sourceTree = "<group>"; };
		CE31627C136C342D00188E56 /* NSArray+Collections.m */ = {isa = PBXFileReference; fileEncoding = 4; lastKnownFileType = sourcecode.c.objc; path = "NSArray+Collections.m"; sourceTree = "<group>"; };
		CE819E441369C1CE00AEAFA8 /* OCHamcrest.framework */ = {isa = PBXFileReference; lastKnownFileType = wrapper.framework; name = OCHamcrest.framework; path = /Users/akiellor/Frameworks/OCHamcrest.framework; sourceTree = "<absolute>"; };
		CEFF94591380EFA00094B3E1 /* libCollections.a */ = {isa = PBXFileReference; explicitFileType = archive.ar; includeInIndex = 0; name = libCollections.a; path = "/Users/akiellor/Development/IOS/Collections/build/Release-iphoneos/libCollections.a"; sourceTree = "<absolute>"; };
		CEFF945A1380EFA00094B3E1 /* Test.octest */ = {isa = PBXFileReference; explicitFileType = wrapper.cfbundle; includeInIndex = 0; name = Test.octest; path = /Users/akiellor/Development/IOS/Collections/build/Release/Test.octest; sourceTree = "<absolute>"; };
		CEFF945C1380F0BB0094B3E1 /* NSDictionary+CollectionsTest.mm */ = {isa = PBXFileReference; fileEncoding = 4; lastKnownFileType = sourcecode.cpp.objcpp; path = "NSDictionary+CollectionsTest.mm"; sourceTree = "<group>"; };
		CEFF945F1380F22B0094B3E1 /* NSDictionary+Collections.h */ = {isa = PBXFileReference; fileEncoding = 4; lastKnownFileType = sourcecode.c.h; path = "NSDictionary+Collections.h"; sourceTree = "<group>"; };
		CEFF94601380F22B0094B3E1 /* NSDictionary+Collections.m */ = {isa = PBXFileReference; fileEncoding = 4; lastKnownFileType = sourcecode.c.objc; path = "NSDictionary+Collections.m"; sourceTree = "<group>"; };
/* End PBXFileReference section */

/* Begin PBXFrameworksBuildPhase section */
		CE3162D6136C36E100188E56 /* Frameworks */ = {
			isa = PBXFrameworksBuildPhase;
			buildActionMask = 2147483647;
			files = (
				CEEFE029137626B600CFD6C9 /* Foundation.framework in Frameworks */,
			);
			runOnlyForDeploymentPostprocessing = 0;
		};
		CE5221CF1369B2BA003D9A26 /* Frameworks */ = {
			isa = PBXFrameworksBuildPhase;
			buildActionMask = 2147483647;
			files = (
				CE5222331369B360003D9A26 /* Foundation.framework in Frameworks */,
				CE819E451369C1CE00AEAFA8 /* OCHamcrest.framework in Frameworks */,
			);
			runOnlyForDeploymentPostprocessing = 0;
		};
/* End PBXFrameworksBuildPhase section */

/* Begin PBXGroup section */
		0867D691FE84028FC02AAC07 /* Collections */ = {
			isa = PBXGroup;
			children = (
				CE316278136C342D00188E56 /* Test Cases */,
				CE31627A136C342D00188E56 /* Classes */,
				AA747D9E0F9514B9006C5449 /* Collections_Prefix.pch */,
				CE316249136C302E00188E56 /* Frameworks */,
			);
			name = Collections;
			sourceTree = "<group>";
		};
		CE316249136C302E00188E56 /* Frameworks */ = {
			isa = PBXGroup;
			children = (
				AACBBE490F95108600F1A2B1 /* Foundation.framework */,
				CE819E441369C1CE00AEAFA8 /* OCHamcrest.framework */,
			);
			name = Frameworks;
			sourceTree = "<group>";
		};
		CE316278136C342D00188E56 /* Test Cases */ = {
			isa = PBXGroup;
			children = (
				CE316279136C342D00188E56 /* NSArray+CollectionsTest.mm */,
				CEFF945C1380F0BB0094B3E1 /* NSDictionary+CollectionsTest.mm */,
			);
			path = "Test Cases";
			sourceTree = "<group>";
		};
		CE31627A136C342D00188E56 /* Classes */ = {
			isa = PBXGroup;
			children = (
				CE31627B136C342D00188E56 /* NSArray+Collections.h */,
				CE31627C136C342D00188E56 /* NSArray+Collections.m */,
				CEFF945F1380F22B0094B3E1 /* NSDictionary+Collections.h */,
				CEFF94601380F22B0094B3E1 /* NSDictionary+Collections.m */,
			);
			path = Classes;
			sourceTree = "<group>";
		};
/* End PBXGroup section */

/* Begin PBXHeadersBuildPhase section */
		CE3162D4136C36E100188E56 /* Headers */ = {
			isa = PBXHeadersBuildPhase;
			buildActionMask = 2147483647;
			files = (
				CEEFE02B137627C800CFD6C9 /* NSArray+Collections.h in Headers */,
			);
			runOnlyForDeploymentPostprocessing = 0;
		};
		CE5222651369B5CB003D9A26 /* Headers */ = {
			isa = PBXHeadersBuildPhase;
			buildActionMask = 2147483647;
			files = (
				CE31629C136C34D900188E56 /* NSArray+Collections.h in Headers */,
				CEFF94611380F22B0094B3E1 /* NSDictionary+Collections.h in Headers */,
			);
			runOnlyForDeploymentPostprocessing = 0;
		};
/* End PBXHeadersBuildPhase section */

/* Begin PBXNativeTarget section */
		CE3162D7136C36E100188E56 /* Collections */ = {
			isa = PBXNativeTarget;
			buildConfigurationList = CE3162DE136C36E800188E56 /* Build configuration list for PBXNativeTarget "Collections" */;
			buildPhases = (
				CE3162D4136C36E100188E56 /* Headers */,
				CE3162D5136C36E100188E56 /* Sources */,
				CE3162D6136C36E100188E56 /* Frameworks */,
			);
			buildRules = (
			);
			dependencies = (
			);
			name = Collections;
			productName = Collections;
			productReference = CEFF94591380EFA00094B3E1 /* libCollections.a */;
			productType = "com.apple.product-type.library.static";
		};
		CE5221D11369B2BA003D9A26 /* Test */ = {
			isa = PBXNativeTarget;
			buildConfigurationList = CE5221D51369B2D8003D9A26 /* Build configuration list for PBXNativeTarget "Test" */;
			buildPhases = (
				CE5221CF1369B2BA003D9A26 /* Frameworks */,
				CE819E921369C3F000AEAFA8 /* CopyFiles */,
				CE5222651369B5CB003D9A26 /* Headers */,
				CE316268136C336300188E56 /* Sources */,
				CE5221D01369B2BA003D9A26 /* ShellScript */,
			);
			buildRules = (
			);
			dependencies = (
			);
			name = Test;
			productName = Test;
			productReference = CEFF945A1380EFA00094B3E1 /* Test.octest */;
			productType = "com.apple.product-type.bundle";
		};
/* End PBXNativeTarget section */

/* Begin PBXProject section */
		0867D690FE84028FC02AAC07 /* Project object */ = {
			isa = PBXProject;
			buildConfigurationList = 1DEB922208733DC00010E9CD /* Build configuration list for PBXProject "Collections" */;
			compatibilityVersion = "Xcode 3.1";
			developmentRegion = English;
			hasScannedForEncodings = 1;
			knownRegions = (
				English,
				Japanese,
				French,
				German,
			);
			mainGroup = 0867D691FE84028FC02AAC07 /* Collections */;
			productRefGroup = 0867D691FE84028FC02AAC07 /* Collections */;
			projectDirPath = "";
			projectRoot = "";
			targets = (
				CE3162D7136C36E100188E56 /* Collections */,
				CE5221D11369B2BA003D9A26 /* Test */,
			);
		};
/* End PBXProject section */

/* Begin PBXShellScriptBuildPhase section */
		CE5221D01369B2BA003D9A26 /* ShellScript */ = {
			isa = PBXShellScriptBuildPhase;
			buildActionMask = 2147483647;
			files = (
			);
			inputPaths = (
			);
			outputPaths = (
			);
			runOnlyForDeploymentPostprocessing = 0;
			shellPath = /bin/sh;
			shellScript = "# Run the unit tests in this test bundle.\n\"${SYSTEM_DEVELOPER_DIR}/Tools/RunUnitTests\"\n";
		};
/* End PBXShellScriptBuildPhase section */

/* Begin PBXSourcesBuildPhase section */
		CE316268136C336300188E56 /* Sources */ = {
			isa = PBXSourcesBuildPhase;
			buildActionMask = 2147483647;
			files = (
				CE31629D136C34DF00188E56 /* NSArray+CollectionsTest.mm in Sources */,
				CE31629E136C34DF00188E56 /* NSArray+Collections.m in Sources */,
				CEFF945E1380F0BB0094B3E1 /* NSDictionary+CollectionsTest.mm in Sources */,
				CEFF94621380F22B0094B3E1 /* NSDictionary+Collections.m in Sources */,
			);
			runOnlyForDeploymentPostprocessing = 0;
		};
		CE3162D5136C36E100188E56 /* Sources */ = {
			isa = PBXSourcesBuildPhase;
			buildActionMask = 2147483647;
			files = (
				CEEFE02C137627CD00CFD6C9 /* NSArray+Collections.m in Sources */,
			);
			runOnlyForDeploymentPostprocessing = 0;
		};
/* End PBXSourcesBuildPhase section */

/* Begin XCBuildConfiguration section */
		1DEB922308733DC00010E9CD /* Debug */ = {
			isa = XCBuildConfiguration;
			buildSettings = {
				ARCHS = "$(ARCHS_STANDARD_32_BIT)";
				GCC_C_LANGUAGE_STANDARD = c99;
				GCC_OPTIMIZATION_LEVEL = 0;
				GCC_WARN_ABOUT_RETURN_TYPE = YES;
				GCC_WARN_UNUSED_VARIABLE = YES;
				OTHER_LDFLAGS = "-ObjC";
				PREBINDING = NO;
				SDKROOT = iphoneos;
			};
			name = Debug;
		};
		1DEB922408733DC00010E9CD /* Release */ = {
			isa = XCBuildConfiguration;
			buildSettings = {
				ARCHS = "$(ARCHS_STANDARD_32_BIT)";
				GCC_C_LANGUAGE_STANDARD = c99;
				GCC_VERSION = com.apple.compilers.llvmgcc42;
				GCC_WARN_ABOUT_RETURN_TYPE = YES;
				GCC_WARN_UNUSED_VARIABLE = YES;
				OTHER_LDFLAGS = "-ObjC";
				PREBINDING = NO;
				SDKROOT = iphoneos;
			};
			name = Release;
		};
		CE3162D9136C36E200188E56 /* Debug */ = {
			isa = XCBuildConfiguration;
			buildSettings = {
				ALWAYS_SEARCH_USER_PATHS = NO;
				COPY_PHASE_STRIP = NO;
				INSTALL_PATH = /usr/local/lib;
				OTHER_LDFLAGS = "-ObjC";
				PREBINDING = NO;
				PRODUCT_NAME = Collections;
			};
			name = Debug;
		};
		CE3162DA136C36E200188E56 /* Release */ = {
			isa = XCBuildConfiguration;
			buildSettings = {
				ALWAYS_SEARCH_USER_PATHS = NO;
				COPY_PHASE_STRIP = YES;
				DEBUG_INFORMATION_FORMAT = "dwarf-with-dsym";
				INFOPLIST_FILE = "";
				INSTALL_PATH = /usr/local/lib;
				OTHER_LDFLAGS = "-ObjC";
				PREBINDING = NO;
				PRODUCT_NAME = Collections;
			};
			name = Release;
		};
		CE5221D31369B2BA003D9A26 /* Debug */ = {
			isa = XCBuildConfiguration;
			buildSettings = {
				ALWAYS_SEARCH_USER_PATHS = NO;
				COPY_PHASE_STRIP = NO;
				FRAMEWORK_SEARCH_PATHS = (
					"$(DEVELOPER_LIBRARY_DIR)/Frameworks",
					"\"$(SRCROOT)/../../../Frameworks\"",
				);
				GCC_DYNAMIC_NO_PIC = NO;
				GCC_ENABLE_FIX_AND_CONTINUE = NO;
				GCC_ENABLE_OBJC_EXCEPTIONS = YES;
				GCC_MODEL_TUNING = G5;
				GCC_OPTIMIZATION_LEVEL = 0;
				GCC_PRECOMPILE_PREFIX_HEADER = YES;
				GCC_PREFIX_HEADER = "$(SYSTEM_LIBRARY_DIR)/Frameworks/Cocoa.framework/Headers/Cocoa.h";
				INFOPLIST_FILE = Resources/Info.plist;
				INSTALL_PATH = "$(USER_LIBRARY_DIR)/Bundles";
				OTHER_LDFLAGS = (
					"-framework",
					SenTestingKit,
				);
				PREBINDING = NO;
				PRODUCT_NAME = Test;
				SDKROOT = macosx;
				WRAPPER_EXTENSION = octest;
			};
			name = Debug;
		};
		CE5221D41369B2BA003D9A26 /* Release */ = {
			isa = XCBuildConfiguration;
			buildSettings = {
				ALWAYS_SEARCH_USER_PATHS = NO;
				COPY_PHASE_STRIP = YES;
				DEBUG_INFORMATION_FORMAT = "dwarf-with-dsym";
				FRAMEWORK_SEARCH_PATHS = (
					"$(DEVELOPER_LIBRARY_DIR)/Frameworks",
					"\"$(SRCROOT)/../../../Frameworks\"",
				);
				GCC_ENABLE_FIX_AND_CONTINUE = NO;
				GCC_ENABLE_OBJC_EXCEPTIONS = YES;
				GCC_MODEL_TUNING = G5;
				GCC_PRECOMPILE_PREFIX_HEADER = YES;
				GCC_PREFIX_HEADER = "$(SYSTEM_LIBRARY_DIR)/Frameworks/Cocoa.framework/Headers/Cocoa.h";
				INFOPLIST_FILE = Resources/Info.plist;
				INSTALL_PATH = "$(USER_LIBRARY_DIR)/Bundles";
				OTHER_LDFLAGS = (
					"-framework",
					SenTestingKit,
				);
				PREBINDING = NO;
				PRODUCT_NAME = Test;
				SDKROOT = macosx;
				WRAPPER_EXTENSION = octest;
				ZERO_LINK = NO;
			};
			name = Release;
		};
/* End XCBuildConfiguration section */

/* Begin XCConfigurationList section */
		1DEB922208733DC00010E9CD /* Build configuration list for PBXProject "Collections" */ = {
			isa = XCConfigurationList;
			buildConfigurations = (
				1DEB922308733DC00010E9CD /* Debug */,
				1DEB922408733DC00010E9CD /* Release */,
			);
			defaultConfigurationIsVisible = 0;
			defaultConfigurationName = Release;
		};
		CE3162DE136C36E800188E56 /* Build configuration list for PBXNativeTarget "Collections" */ = {
			isa = XCConfigurationList;
			buildConfigurations = (
				CE3162D9136C36E200188E56 /* Debug */,
				CE3162DA136C36E200188E56 /* Release */,
			);
			defaultConfigurationIsVisible = 0;
			defaultConfigurationName = Release;
		};
		CE5221D51369B2D8003D9A26 /* Build configuration list for PBXNativeTarget "Test" */ = {
			isa = XCConfigurationList;
			buildConfigurations = (
				CE5221D31369B2BA003D9A26 /* Debug */,
				CE5221D41369B2BA003D9A26 /* Release */,
			);
			defaultConfigurationIsVisible = 0;
			defaultConfigurationName = Release;
		};
/* End XCConfigurationList section */
	};
	rootObject = 0867D690FE84028FC02AAC07 /* Project object */;
}
